// !$*UTF8*$!
{
	archiveVersion = 1;
	classes = {
	};
	objectVersion = 77;
	objects = {

/* Begin PBXBuildFile section */
		8D11BDF92F620B250053F573 /* CatalogSection.swift in Sources */ = {isa = PBXBuildFile; fileRef = 8D11BDF82F620B1F0053F573 /* CatalogSection.swift */; };
		8D11BDFB2F620B480053F573 /* PlaylistItem.swift in Sources */ = {isa = PBXBuildFile; fileRef = 8D11BDFA2F620B430053F573 /* PlaylistItem.swift */; };
		8D11BDFE2F620B6A0053F573 /* CatalogViewProtocol.swift in Sources */ = {isa = PBXBuildFile; fileRef = 8D11BDFD2F620B6A0053F573 /* CatalogViewProtocol.swift */; };
		8D11BE002F620B800053F573 /* CatalogPresenterProtocol.swift in Sources */ = {isa = PBXBuildFile; fileRef = 8D11BDFF2F620B7F0053F573 /* CatalogPresenterProtocol.swift */; };
		8D11BE022F620B8F0053F573 /* CatalogInteractorProtocol.swift in Sources */ = {isa = PBXBuildFile; fileRef = 8D11BE012F620B8F0053F573 /* CatalogInteractorProtocol.swift */; };
		8D11BE042F620B9D0053F573 /* CatalogRouterProtocol.swift in Sources */ = {isa = PBXBuildFile; fileRef = 8D11BE032F620B9D0053F573 /* CatalogRouterProtocol.swift */; };
		8D11BE062F620BB00053F573 /* CatalogViewState.swift in Sources */ = {isa = PBXBuildFile; fileRef = 8D11BE052F620BB00053F573 /* CatalogViewState.swift */; };
		8D11BE082F620BCE0053F573 /* CatalogViewController.swift in Sources */ = {isa = PBXBuildFile; fileRef = 8D11BE072F620BCE0053F573 /* CatalogViewController.swift */; };
		8D11BE0A2F620C050053F573 /* CatalogPresenter.swift in Sources */ = {isa = PBXBuildFile; fileRef = 8D11BE092F620C030053F573 /* CatalogPresenter.swift */; };
		8D11BE0C2F620C130053F573 /* CatalogInteractor.swift in Sources */ = {isa = PBXBuildFile; fileRef = 8D11BE0B2F620C120053F573 /* CatalogInteractor.swift */; };
		8D11BE0E2F620C4F0053F573 /* CatalogService.swift in Sources */ = {isa = PBXBuildFile; fileRef = 8D11BE0D2F620C4E0053F573 /* CatalogService.swift */; };
		8D11BE132F620F690053F573 /* Track.swift in Sources */ = {isa = PBXBuildFile; fileRef = 8D11BE122F620F670053F573 /* Track.swift */; };
		8D11BE152F620F7C0053F573 /* PlaylistDetailData.swift in Sources */ = {isa = PBXBuildFile; fileRef = 8D11BE142F620F7C0053F573 /* PlaylistDetailData.swift */; };
		8D11BE182F620FC20053F573 /* PlaylistDetailViewProtocol.swift in Sources */ = {isa = PBXBuildFile; fileRef = 8D11BE172F620FC00053F573 /* PlaylistDetailViewProtocol.swift */; };
		8D11BE1A2F620FD20053F573 /* PlaylistDetailPresenterProtocol.swift in Sources */ = {isa = PBXBuildFile; fileRef = 8D11BE192F620FCF0053F573 /* PlaylistDetailPresenterProtocol.swift */; };
		8D11BE1C2F620FE60053F573 /* PlaylistDetailInteractorProtocol.swift in Sources */ = {isa = PBXBuildFile; fileRef = 8D11BE1B2F620FE30053F573 /* PlaylistDetailInteractorProtocol.swift */; };
		8D11BE1E2F620FF70053F573 /* PlaylistDetailRouterProtocol.swift in Sources */ = {isa = PBXBuildFile; fileRef = 8D11BE1D2F620FF40053F573 /* PlaylistDetailRouterProtocol.swift */; };
		8D11BE202F6210080053F573 /* PlaylistDetailViewState.swift in Sources */ = {isa = PBXBuildFile; fileRef = 8D11BE1F2F6210080053F573 /* PlaylistDetailViewState.swift */; };
		8D11BE222F62101F0053F573 /* PlaylistDetailViewController.swift in Sources */ = {isa = PBXBuildFile; fileRef = 8D11BE212F62101E0053F573 /* PlaylistDetailViewController.swift */; };
		8D11BE242F6210520053F573 /* PlaylistDetailPresenter.swift in Sources */ = {isa = PBXBuildFile; fileRef = 8D11BE232F6210510053F573 /* PlaylistDetailPresenter.swift */; };
		8D11BE262F62105E0053F573 /* PlaylistDetailInteractor.swift in Sources */ = {isa = PBXBuildFile; fileRef = 8D11BE252F62105E0053F573 /* PlaylistDetailInteractor.swift */; };
		8D11BE282F62107F0053F573 /* PlaylistDetailRouter.swift in Sources */ = {isa = PBXBuildFile; fileRef = 8D11BE272F6210750053F573 /* PlaylistDetailRouter.swift */; };
		8D11BE2A2F6210920053F573 /* PlaylistService.swift in Sources */ = {isa = PBXBuildFile; fileRef = 8D11BE292F6210910053F573 /* PlaylistService.swift */; };
		8D6E4F132F5F147A0070EDE3 /* README.md in Resources */ = {isa = PBXBuildFile; fileRef = 8D6E4F122F5F14730070EDE3 /* README.md */; };
		8D6E4F272F5F18660070EDE3 /* AuthViewController.swift in Sources */ = {isa = PBXBuildFile; fileRef = 8D6E4F222F5F16C30070EDE3 /* AuthViewController.swift */; };
		8D6E4F282F5F18720070EDE3 /* AuthViewState.swift in Sources */ = {isa = PBXBuildFile; fileRef = 8D6E4F212F5F16B50070EDE3 /* AuthViewState.swift */; };
		8D6E4F292F5F18770070EDE3 /* AuthPresenter.swift in Sources */ = {isa = PBXBuildFile; fileRef = 8D6E4F232F5F16DD0070EDE3 /* AuthPresenter.swift */; };
		8D6E4F2A2F5F187B0070EDE3 /* AuthInteractor.swift in Sources */ = {isa = PBXBuildFile; fileRef = 8D6E4F242F5F16EE0070EDE3 /* AuthInteractor.swift */; };
		8D6E4F2B2F5F187F0070EDE3 /* AuthRouter.swift in Sources */ = {isa = PBXBuildFile; fileRef = 8D6E4F252F5F16FD0070EDE3 /* AuthRouter.swift */; };
		8D6E4F2C2F5F18A60070EDE3 /* AuthViewProtocol.swift in Sources */ = {isa = PBXBuildFile; fileRef = 8D6E4F1D2F5F15E70070EDE3 /* AuthViewProtocol.swift */; };
		8D6E4F2D2F5F18A60070EDE3 /* AuthPresenterProtocol.swift in Sources */ = {isa = PBXBuildFile; fileRef = 8D6E4F1E2F5F16820070EDE3 /* AuthPresenterProtocol.swift */; };
		8D6E4F2E2F5F18A60070EDE3 /* AuthInteractorProtocol.swift in Sources */ = {isa = PBXBuildFile; fileRef = 8D6E4F1F2F5F16930070EDE3 /* AuthInteractorProtocol.swift */; };
		8D6E4F2F2F5F18A60070EDE3 /* AuthRouterProtocol.swift in Sources */ = {isa = PBXBuildFile; fileRef = 8D6E4F202F5F16A30070EDE3 /* AuthRouterProtocol.swift */; };
		8D6E4F302F5F18B30070EDE3 /* LoginRequest.swift in Sources */ = {isa = PBXBuildFile; fileRef = 8D6E4F182F5F15800070EDE3 /* LoginRequest.swift */; };
		8D6E4F312F5F18B30070EDE3 /* UserSession.swift in Sources */ = {isa = PBXBuildFile; fileRef = 8D6E4F1A2F5F15C50070EDE3 /* UserSession.swift */; };
		8D6E4F322F5F18B30070EDE3 /* LoginResponse.swift in Sources */ = {isa = PBXBuildFile; fileRef = 8D6E4F192F5F15A40070EDE3 /* LoginResponse.swift */; };
		8D6E4F332F5F1A9D0070EDE3 /* AuthServiceProtocol.swift in Sources */ = {isa = PBXBuildFile; fileRef = 8D6E4F262F5F178D0070EDE3 /* AuthServiceProtocol.swift */; };
		8D9D6A622F657703009EA59C /* AuthService.swift in Sources */ = {isa = PBXBuildFile; fileRef = 8D9D6A612F657361009EA59C /* AuthService.swift */; };
		8DABAA022F7200010053F573 /* NetworkClient.swift in Sources */ = {isa = PBXBuildFile; fileRef = 8DABAA012F7200010053F573 /* NetworkClient.swift */; };
		8DABAA042F7200020053F573 /* NetworkError.swift in Sources */ = {isa = PBXBuildFile; fileRef = 8DABAA032F7200020053F573 /* NetworkError.swift */; };
		8DABAA062F7200030053F573 /* URLSessionNetworkClient.swift in Sources */ = {isa = PBXBuildFile; fileRef = 8DABAA052F7200030053F573 /* URLSessionNetworkClient.swift */; };
		8DABAA082F7200040053F573 /* DiscogsSearchDTO.swift in Sources */ = {isa = PBXBuildFile; fileRef = 8DABAA072F7200040053F573 /* DiscogsSearchDTO.swift */; };
		8DABAA0A2F7200050053F573 /* RemoteCatalogService.swift in Sources */ = {isa = PBXBuildFile; fileRef = 8DABAA092F7200050053F573 /* RemoteCatalogService.swift */; };
		8DABAA0C2F7200060053F573 /* CatalogListItem.swift in Sources */ = {isa = PBXBuildFile; fileRef = 8DABAA0B2F7200060053F573 /* CatalogListItem.swift */; };
		8DABAA0E2F7200070053F573 /* PlaylistCellViewModel.swift in Sources */ = {isa = PBXBuildFile; fileRef = 8DABAA0D2F7200070053F573 /* PlaylistCellViewModel.swift */; };
		8DABAA102F7200080053F573 /* StubPlaylistService.swift in Sources */ = {isa = PBXBuildFile; fileRef = 8DABAA0F2F7200080053F573 /* StubPlaylistService.swift */; };
		8DABAA122F7200090053F573 /* CatalogRouter.swift in Sources */ = {isa = PBXBuildFile; fileRef = 8DABAA112F7200090053F573 /* CatalogRouter.swift */; };
		8E30AA112F8200110053F573 /* ImageLoading.swift in Sources */ = {isa = PBXBuildFile; fileRef = 8E30AA012F8200010053F573 /* ImageLoading.swift */; };
		8E30AA122F8200120053F573 /* ImageCacheService.swift in Sources */ = {isa = PBXBuildFile; fileRef = 8E30AA022F8200020053F573 /* ImageCacheService.swift */; };
		8E30AA132F8200130053F573 /* CatalogListManager.swift in Sources */ = {isa = PBXBuildFile; fileRef = 8E30AA032F8200030053F573 /* CatalogListManager.swift */; };
		8E30AA142F8200140053F573 /* PlaylistTableViewCell.swift in Sources */ = {isa = PBXBuildFile; fileRef = 8E30AA042F8200040053F573 /* PlaylistTableViewCell.swift */; };
		8FABEC022F9201020053F573 /* EchoAPIService.swift in Sources */ = {isa = PBXBuildFile; fileRef = 8FABEC012F9201010053F573 /* EchoAPIService.swift */; };
/* End PBXBuildFile section */

/* Begin PBXFileReference section */
		8D11BDF82F620B1F0053F573 /* CatalogSection.swift */ = {isa = PBXFileReference; lastKnownFileType = sourcecode.swift; path = CatalogSection.swift; sourceTree = "<group>"; };
		8D11BDFA2F620B430053F573 /* PlaylistItem.swift */ = {isa = PBXFileReference; lastKnownFileType = sourcecode.swift; path = PlaylistItem.swift; sourceTree = "<group>"; };
		8D11BDFD2F620B6A0053F573 /* CatalogViewProtocol.swift */ = {isa = PBXFileReference; lastKnownFileType = sourcecode.swift; path = CatalogViewProtocol.swift; sourceTree = "<group>"; };
		8D11BDFF2F620B7F0053F573 /* CatalogPresenterProtocol.swift */ = {isa = PBXFileReference; lastKnownFileType = sourcecode.swift; path = CatalogPresenterProtocol.swift; sourceTree = "<group>"; };
		8D11BE012F620B8F0053F573 /* CatalogInteractorProtocol.swift */ = {isa = PBXFileReference; lastKnownFileType = sourcecode.swift; path = CatalogInteractorProtocol.swift; sourceTree = "<group>"; };
		8D11BE032F620B9D0053F573 /* CatalogRouterProtocol.swift */ = {isa = PBXFileReference; lastKnownFileType = sourcecode.swift; path = CatalogRouterProtocol.swift; sourceTree = "<group>"; };
		8D11BE052F620BB00053F573 /* CatalogViewState.swift */ = {isa = PBXFileReference; lastKnownFileType = sourcecode.swift; path = CatalogViewState.swift; sourceTree = "<group>"; };
		8D11BE072F620BCE0053F573 /* CatalogViewController.swift */ = {isa = PBXFileReference; lastKnownFileType = sourcecode.swift; path = CatalogViewController.swift; sourceTree = "<group>"; };
		8D11BE092F620C030053F573 /* CatalogPresenter.swift */ = {isa = PBXFileReference; lastKnownFileType = sourcecode.swift; path = CatalogPresenter.swift; sourceTree = "<group>"; };
		8D11BE0B2F620C120053F573 /* CatalogInteractor.swift */ = {isa = PBXFileReference; lastKnownFileType = sourcecode.swift; path = CatalogInteractor.swift; sourceTree = "<group>"; };
		8D11BE0D2F620C4E0053F573 /* CatalogService.swift */ = {isa = PBXFileReference; lastKnownFileType = sourcecode.swift; path = CatalogService.swift; sourceTree = "<group>"; };
		8D11BE122F620F670053F573 /* Track.swift */ = {isa = PBXFileReference; lastKnownFileType = sourcecode.swift; path = Track.swift; sourceTree = "<group>"; };
		8D11BE142F620F7C0053F573 /* PlaylistDetailData.swift */ = {isa = PBXFileReference; lastKnownFileType = sourcecode.swift; path = PlaylistDetailData.swift; sourceTree = "<group>"; };
		8D11BE172F620FC00053F573 /* PlaylistDetailViewProtocol.swift */ = {isa = PBXFileReference; lastKnownFileType = sourcecode.swift; path = PlaylistDetailViewProtocol.swift; sourceTree = "<group>"; };
		8D11BE192F620FCF0053F573 /* PlaylistDetailPresenterProtocol.swift */ = {isa = PBXFileReference; lastKnownFileType = sourcecode.swift; path = PlaylistDetailPresenterProtocol.swift; sourceTree = "<group>"; };
		8D11BE1B2F620FE30053F573 /* PlaylistDetailInteractorProtocol.swift */ = {isa = PBXFileReference; lastKnownFileType = sourcecode.swift; path = PlaylistDetailInteractorProtocol.swift; sourceTree = "<group>"; };
		8D11BE1D2F620FF40053F573 /* PlaylistDetailRouterProtocol.swift */ = {isa = PBXFileReference; lastKnownFileType = sourcecode.swift; path = PlaylistDetailRouterProtocol.swift; sourceTree = "<group>"; };
		8D11BE1F2F6210080053F573 /* PlaylistDetailViewState.swift */ = {isa = PBXFileReference; lastKnownFileType = sourcecode.swift; path = PlaylistDetailViewState.swift; sourceTree = "<group>"; };
		8D11BE212F62101E0053F573 /* PlaylistDetailViewController.swift */ = {isa = PBXFileReference; lastKnownFileType = sourcecode.swift; path = PlaylistDetailViewController.swift; sourceTree = "<group>"; };
		8D11BE232F6210510053F573 /* PlaylistDetailPresenter.swift */ = {isa = PBXFileReference; lastKnownFileType = sourcecode.swift; path = PlaylistDetailPresenter.swift; sourceTree = "<group>"; };
		8D11BE252F62105E0053F573 /* PlaylistDetailInteractor.swift */ = {isa = PBXFileReference; lastKnownFileType = sourcecode.swift; path = PlaylistDetailInteractor.swift; sourceTree = "<group>"; };
		8D11BE272F6210750053F573 /* PlaylistDetailRouter.swift */ = {isa = PBXFileReference; lastKnownFileType = sourcecode.swift; path = PlaylistDetailRouter.swift; sourceTree = "<group>"; };
		8D11BE292F6210910053F573 /* PlaylistService.swift */ = {isa = PBXFileReference; lastKnownFileType = sourcecode.swift; path = PlaylistService.swift; sourceTree = "<group>"; };
		8D6E4EF92F5F137C0070EDE3 /* MusicApp.app */ = {isa = PBXFileReference; explicitFileType = wrapper.application; includeInIndex = 0; path = MusicApp.app; sourceTree = BUILT_PRODUCTS_DIR; };
		8D6E4F122F5F14730070EDE3 /* README.md */ = {isa = PBXFileReference; lastKnownFileType = net.daringfireball.markdown; path = README.md; sourceTree = "<group>"; };
		8D6E4F182F5F15800070EDE3 /* LoginRequest.swift */ = {isa = PBXFileReference; lastKnownFileType = sourcecode.swift; path = LoginRequest.swift; sourceTree = "<group>"; };
		8D6E4F192F5F15A40070EDE3 /* LoginResponse.swift */ = {isa = PBXFileReference; lastKnownFileType = sourcecode.swift; path = LoginResponse.swift; sourceTree = "<group>"; };
		8D6E4F1A2F5F15C50070EDE3 /* UserSession.swift */ = {isa = PBXFileReference; lastKnownFileType = sourcecode.swift; path = UserSession.swift; sourceTree = "<group>"; };
		8D6E4F1D2F5F15E70070EDE3 /* AuthViewProtocol.swift */ = {isa = PBXFileReference; lastKnownFileType = sourcecode.swift; path = AuthViewProtocol.swift; sourceTree = "<group>"; };
		8D6E4F1E2F5F16820070EDE3 /* AuthPresenterProtocol.swift */ = {isa = PBXFileReference; lastKnownFileType = sourcecode.swift; path = AuthPresenterProtocol.swift; sourceTree = "<group>"; };
		8D6E4F1F2F5F16930070EDE3 /* AuthInteractorProtocol.swift */ = {isa = PBXFileReference; lastKnownFileType = sourcecode.swift; path = AuthInteractorProtocol.swift; sourceTree = "<group>"; };
		8D6E4F202F5F16A30070EDE3 /* AuthRouterProtocol.swift */ = {isa = PBXFileReference; lastKnownFileType = sourcecode.swift; path = AuthRouterProtocol.swift; sourceTree = "<group>"; };
		8D6E4F212F5F16B50070EDE3 /* AuthViewState.swift */ = {isa = PBXFileReference; lastKnownFileType = sourcecode.swift; path = AuthViewState.swift; sourceTree = "<group>"; };
		8D6E4F222F5F16C30070EDE3 /* AuthViewController.swift */ = {isa = PBXFileReference; lastKnownFileType = sourcecode.swift; path = AuthViewController.swift; sourceTree = "<group>"; };
		8D6E4F232F5F16DD0070EDE3 /* AuthPresenter.swift */ = {isa = PBXFileReference; lastKnownFileType = sourcecode.swift; path = AuthPresenter.swift; sourceTree = "<group>"; };
		8D6E4F242F5F16EE0070EDE3 /* AuthInteractor.swift */ = {isa = PBXFileReference; lastKnownFileType = sourcecode.swift; path = AuthInteractor.swift; sourceTree = "<group>"; };
		8D6E4F252F5F16FD0070EDE3 /* AuthRouter.swift */ = {isa = PBXFileReference; lastKnownFileType = sourcecode.swift; path = AuthRouter.swift; sourceTree = "<group>"; };
		8D6E4F262F5F178D0070EDE3 /* AuthServiceProtocol.swift */ = {isa = PBXFileReference; lastKnownFileType = sourcecode.swift; path = AuthServiceProtocol.swift; sourceTree = "<group>"; };
		8D9D6A612F657361009EA59C /* AuthService.swift */ = {isa = PBXFileReference; lastKnownFileType = sourcecode.swift; path = AuthService.swift; sourceTree = "<group>"; };
		8DABAA012F7200010053F573 /* NetworkClient.swift */ = {isa = PBXFileReference; lastKnownFileType = sourcecode.swift; path = NetworkClient.swift; sourceTree = "<group>"; };
		8DABAA032F7200020053F573 /* NetworkError.swift */ = {isa = PBXFileReference; lastKnownFileType = sourcecode.swift; path = NetworkError.swift; sourceTree = "<group>"; };
		8DABAA052F7200030053F573 /* URLSessionNetworkClient.swift */ = {isa = PBXFileReference; lastKnownFileType = sourcecode.swift; path = URLSessionNetworkClient.swift; sourceTree = "<group>"; };
		8DABAA072F7200040053F573 /* DiscogsSearchDTO.swift */ = {isa = PBXFileReference; lastKnownFileType = sourcecode.swift; path = DiscogsSearchDTO.swift; sourceTree = "<group>"; };
		8DABAA092F7200050053F573 /* RemoteCatalogService.swift */ = {isa = PBXFileReference; lastKnownFileType = sourcecode.swift; path = RemoteCatalogService.swift; sourceTree = "<group>"; };
		8DABAA0B2F7200060053F573 /* CatalogListItem.swift */ = {isa = PBXFileReference; lastKnownFileType = sourcecode.swift; path = CatalogListItem.swift; sourceTree = "<group>"; };
		8DABAA0D2F7200070053F573 /* PlaylistCellViewModel.swift */ = {isa = PBXFileReference; lastKnownFileType = sourcecode.swift; path = PlaylistCellViewModel.swift; sourceTree = "<group>"; };
		8DABAA0F2F7200080053F573 /* StubPlaylistService.swift */ = {isa = PBXFileReference; lastKnownFileType = sourcecode.swift; path = StubPlaylistService.swift; sourceTree = "<group>"; };
		8DABAA112F7200090053F573 /* CatalogRouter.swift */ = {isa = PBXFileReference; lastKnownFileType = sourcecode.swift; path = CatalogRouter.swift; sourceTree = "<group>"; };
		8E30AA012F8200010053F573 /* ImageLoading.swift */ = {isa = PBXFileReference; lastKnownFileType = sourcecode.swift; path = ImageLoading.swift; sourceTree = "<group>"; };
		8E30AA022F8200020053F573 /* ImageCacheService.swift */ = {isa = PBXFileReference; lastKnownFileType = sourcecode.swift; path = ImageCacheService.swift; sourceTree = "<group>"; };
		8E30AA032F8200030053F573 /* CatalogListManager.swift */ = {isa = PBXFileReference; lastKnownFileType = sourcecode.swift; path = CatalogListManager.swift; sourceTree = "<group>"; };
		8E30AA042F8200040053F573 /* PlaylistTableViewCell.swift */ = {isa = PBXFileReference; lastKnownFileType = sourcecode.swift; path = PlaylistTableViewCell.swift; sourceTree = "<group>"; };
		8FABEC012F9201010053F573 /* EchoAPIService.swift */ = {isa = PBXFileReference; lastKnownFileType = sourcecode.swift; path = EchoAPIService.swift; sourceTree = "<group>"; };
/* End PBXFileReference section */

/* Begin PBXFileSystemSynchronizedBuildFileExceptionSet section */
		8D6E4F0B2F5F137D0070EDE3 /* Exceptions for "MusicApp" folder in "MusicApp" target */ = {
			isa = PBXFileSystemSynchronizedBuildFileExceptionSet;
			membershipExceptions = (
				Info.plist,
			);
			target = 8D6E4EF82F5F137C0070EDE3 /* MusicApp */;
		};
/* End PBXFileSystemSynchronizedBuildFileExceptionSet section */

/* Begin PBXFileSystemSynchronizedRootGroup section */
		8D6E4EFB2F5F137C0070EDE3 /* MusicApp */ = {
			isa = PBXFileSystemSynchronizedRootGroup;
			exceptions = (
				8D6E4F0B2F5F137D0070EDE3 /* Exceptions for "MusicApp" folder in "MusicApp" target */,
			);
			path = MusicApp;
			sourceTree = "<group>";
		};
/* End PBXFileSystemSynchronizedRootGroup section */

/* Begin PBXFrameworksBuildPhase section */
		8D6E4EF62F5F137C0070EDE3 /* Frameworks */ = {
			isa = PBXFrameworksBuildPhase;
			buildActionMask = 2147483647;
			files = (
			);
			runOnlyForDeploymentPostprocessing = 0;
		};
/* End PBXFrameworksBuildPhase section */

/* Begin PBXGroup section */
		8D11BDF62F620AFE0053F573 /* CatalogModule */ = {
			isa = PBXGroup;
			children = (
				8DABAA112F7200090053F573 /* CatalogRouter.swift */,
				8E30AA032F8200030053F573 /* CatalogListManager.swift */,
				8E30AA042F8200040053F573 /* PlaylistTableViewCell.swift */,
				8D11BE0B2F620C120053F573 /* CatalogInteractor.swift */,
				8D11BE092F620C030053F573 /* CatalogPresenter.swift */,
				8D11BE072F620BCE0053F573 /* CatalogViewController.swift */,
				8D11BE052F620BB00053F573 /* CatalogViewState.swift */,
				8D11BDFC2F620B5F0053F573 /* Protocols */,
				8D11BDF72F620B0B0053F573 /* Models */,
			);
			path = CatalogModule;
			sourceTree = "<group>";
		};
		8D11BDF72F620B0B0053F573 /* Models */ = {
			isa = PBXGroup;
			children = (
				8DABAA0B2F7200060053F573 /* CatalogListItem.swift */,
				8DABAA0D2F7200070053F573 /* PlaylistCellViewModel.swift */,
				8D11BDFA2F620B430053F573 /* PlaylistItem.swift */,
				8D11BDF82F620B1F0053F573 /* CatalogSection.swift */,
			);
			path = Models;
			sourceTree = "<group>";
		};
		8D11BDFC2F620B5F0053F573 /* Protocols */ = {
			isa = PBXGroup;
			children = (
				8D11BE032F620B9D0053F573 /* CatalogRouterProtocol.swift */,
				8D11BE012F620B8F0053F573 /* CatalogInteractorProtocol.swift */,
				8D11BDFF2F620B7F0053F573 /* CatalogPresenterProtocol.swift */,
				8D11BDFD2F620B6A0053F573 /* CatalogViewProtocol.swift */,
			);
			path = Protocols;
			sourceTree = "<group>";
		};
		8D11BE0F2F620F530053F573 /* PlaylistDetailModule */ = {
			isa = PBXGroup;
			children = (
				8D11BE272F6210750053F573 /* PlaylistDetailRouter.swift */,
				8D11BE252F62105E0053F573 /* PlaylistDetailInteractor.swift */,
				8D11BE232F6210510053F573 /* PlaylistDetailPresenter.swift */,
				8D11BE212F62101E0053F573 /* PlaylistDetailViewController.swift */,
				8D11BE1F2F6210080053F573 /* PlaylistDetailViewState.swift */,
				8D11BE162F620FB40053F573 /* Protocols */,
				8D11BE102F620F580053F573 /* Models */,
			);
			path = PlaylistDetailModule;
			sourceTree = "<group>";
		};
		8D11BE102F620F580053F573 /* Models */ = {
			isa = PBXGroup;
			children = (
				8D11BE142F620F7C0053F573 /* PlaylistDetailData.swift */,
				8D11BE122F620F670053F573 /* Track.swift */,
			);
			path = Models;
			sourceTree = "<group>";
		};
		8D11BE162F620FB40053F573 /* Protocols */ = {
			isa = PBXGroup;
			children = (
				8D11BE1D2F620FF40053F573 /* PlaylistDetailRouterProtocol.swift */,
				8D11BE1B2F620FE30053F573 /* PlaylistDetailInteractorProtocol.swift */,
				8D11BE192F620FCF0053F573 /* PlaylistDetailPresenterProtocol.swift */,
				8D11BE172F620FC00053F573 /* PlaylistDetailViewProtocol.swift */,
			);
			path = Protocols;
			sourceTree = "<group>";
		};
		8D6E4EF02F5F137C0070EDE3 = {
			isa = PBXGroup;
			children = (
				8D6E4F142F5F14E50070EDE3 /* Services */,
				8D6E4F122F5F14730070EDE3 /* README.md */,
				8D6E4F112F5F14680070EDE3 /* Modules */,
				8D6E4EFB2F5F137C0070EDE3 /* MusicApp */,
				8D6E4EFA2F5F137C0070EDE3 /* Products */,
			);
			sourceTree = "<group>";
		};
		8D6E4EFA2F5F137C0070EDE3 /* Products */ = {
			isa = PBXGroup;
			children = (
				8D6E4EF92F5F137C0070EDE3 /* MusicApp.app */,
			);
			name = Products;
			sourceTree = "<group>";
		};
		8D6E4F112F5F14680070EDE3 /* Modules */ = {
			isa = PBXGroup;
			children = (
				8D11BE0F2F620F530053F573 /* PlaylistDetailModule */,
				8D11BDF62F620AFE0053F573 /* CatalogModule */,
				8D6E4F162F5F152A0070EDE3 /* AuthModule */,
			);
			path = Modules;
			sourceTree = "<group>";
		};
		8FABEC002F9201000053F573 /* Echo */ = {
			isa = PBXGroup;
			children = (
				8FABEC012F9201010053F573 /* EchoAPIService.swift */,
			);
			path = Echo;
			sourceTree = "<group>";
		};
		8D6E4F142F5F14E50070EDE3 /* Services */ = {
			isa = PBXGroup;
			children = (
				8FABEC002F9201000053F573 /* Echo */,
				8DABAA132F72000A0053F573 /* Network */,
				8E30AA212F8200210053F573 /* Image */,
				8D9D6A692F659020009EA59C /* Playlist */,
				8D9D6A672F659009009EA59C /* Catalog */,
				8D9D6A652F658FED009EA59C /* Auth */,
			);
			path = Services;
			sourceTree = "<group>";
		};
		8D6E4F162F5F152A0070EDE3 /* AuthModule */ = {
			isa = PBXGroup;
			children = (
				8D6E4F252F5F16FD0070EDE3 /* AuthRouter.swift */,
				8D6E4F242F5F16EE0070EDE3 /* AuthInteractor.swift */,
				8D6E4F232F5F16DD0070EDE3 /* AuthPresenter.swift */,
				8D6E4F222F5F16C30070EDE3 /* AuthViewController.swift */,
				8D6E4F212F5F16B50070EDE3 /* AuthViewState.swift */,
				8D6E4F1B2F5F15D40070EDE3 /* Protocols */,
				8D6E4F172F5F15790070EDE3 /* Models */,
			);
			path = AuthModule;
			sourceTree = "<group>";
		};
		8D6E4F172F5F15790070EDE3 /* Models */ = {
			isa = PBXGroup;
			children = (
				8D6E4F192F5F15A40070EDE3 /* LoginResponse.swift */,
				8D6E4F1A2F5F15C50070EDE3 /* UserSession.swift */,
				8D6E4F182F5F15800070EDE3 /* LoginRequest.swift */,
			);
			path = Models;
			sourceTree = "<group>";
		};
		8D6E4F1B2F5F15D40070EDE3 /* Protocols */ = {
			isa = PBXGroup;
			children = (
				8D6E4F202F5F16A30070EDE3 /* AuthRouterProtocol.swift */,
				8D6E4F1F2F5F16930070EDE3 /* AuthInteractorProtocol.swift */,
				8D6E4F1E2F5F16820070EDE3 /* AuthPresenterProtocol.swift */,
				8D6E4F1D2F5F15E70070EDE3 /* AuthViewProtocol.swift */,
			);
			path = Protocols;
			sourceTree = "<group>";
		};
		8D9D6A652F658FED009EA59C /* Auth */ = {
			isa = PBXGroup;
			children = (
				8D9D6A662F658FF4009EA59C /* Protocols */,
				8D9D6A612F657361009EA59C /* AuthService.swift */,
			);
			path = Auth;
			sourceTree = "<group>";
		};
		8D9D6A662F658FF4009EA59C /* Protocols */ = {
			isa = PBXGroup;
			children = (
				8D6E4F262F5F178D0070EDE3 /* AuthServiceProtocol.swift */,
			);
			path = Protocols;
			sourceTree = "<group>";
		};
		8D9D6A672F659009009EA59C /* Catalog */ = {
			isa = PBXGroup;
			children = (
				8DABAA072F7200040053F573 /* DiscogsSearchDTO.swift */,
				8DABAA092F7200050053F573 /* RemoteCatalogService.swift */,
				8D9D6A682F659018009EA59C /* Protocols */,
			);
			path = Catalog;
			sourceTree = "<group>";
		};
		8D9D6A682F659018009EA59C /* Protocols */ = {
			isa = PBXGroup;
			children = (
				8D11BE0D2F620C4E0053F573 /* CatalogService.swift */,
			);
			path = Protocols;
			sourceTree = "<group>";
		};
		8D9D6A692F659020009EA59C /* Playlist */ = {
			isa = PBXGroup;
			children = (
				8DABAA0F2F7200080053F573 /* StubPlaylistService.swift */,
				8D9D6A6A2F659027009EA59C /* Protocols */,
			);
			path = Playlist;
			sourceTree = "<group>";
		};
		8D9D6A6A2F659027009EA59C /* Protocols */ = {
			isa = PBXGroup;
			children = (
				8D11BE292F6210910053F573 /* PlaylistService.swift */,
			);
			path = Protocols;
			sourceTree = "<group>";
		};
		8DABAA132F72000A0053F573 /* Network */ = {
			isa = PBXGroup;
			children = (
				8DABAA032F7200020053F573 /* NetworkError.swift */,
				8DABAA052F7200030053F573 /* URLSessionNetworkClient.swift */,
				8DABAA142F72000B0053F573 /* Protocols */,
			);
			path = Network;
			sourceTree = "<group>";
		};
		8DABAA142F72000B0053F573 /* Protocols */ = {
			isa = PBXGroup;
			children = (
				8DABAA012F7200010053F573 /* NetworkClient.swift */,
			);
			path = Protocols;
			sourceTree = "<group>";
		};
		8E30AA212F8200210053F573 /* Image */ = {
			isa = PBXGroup;
			children = (
				8E30AA012F8200010053F573 /* ImageLoading.swift */,
				8E30AA022F8200020053F573 /* ImageCacheService.swift */,
			);
			path = Image;
			sourceTree = "<group>";
		};
/* End PBXGroup section */

/* Begin PBXNativeTarget section */
		8D6E4EF82F5F137C0070EDE3 /* MusicApp */ = {
			isa = PBXNativeTarget;
			buildConfigurationList = 8D6E4F0C2F5F137D0070EDE3 /* Build configuration list for PBXNativeTarget "MusicApp" */;
			buildPhases = (
				8D6E4EF52F5F137C0070EDE3 /* Sources */,
				8D6E4EF62F5F137C0070EDE3 /* Frameworks */,
				8D6E4EF72F5F137C0070EDE3 /* Resources */,
			);
			buildRules = (
			);
			dependencies = (
			);
			fileSystemSynchronizedGroups = (
				8D6E4EFB2F5F137C0070EDE3 /* MusicApp */,
			);
			name = MusicApp;
			packageProductDependencies = (
			);
			productName = MusicApp;
			productReference = 8D6E4EF92F5F137C0070EDE3 /* MusicApp.app */;
			productType = "com.apple.product-type.application";
		};
/* End PBXNativeTarget section */

/* Begin PBXProject section */
		8D6E4EF12F5F137C0070EDE3 /* Project object */ = {
			isa = PBXProject;
			attributes = {
				BuildIndependentTargetsInParallel = 1;
				LastSwiftUpdateCheck = 2630;
				LastUpgradeCheck = 2630;
				TargetAttributes = {
					8D6E4EF82F5F137C0070EDE3 = {
						CreatedOnToolsVersion = 26.3;
					};
				};
			};
			buildConfigurationList = 8D6E4EF42F5F137C0070EDE3 /* Build configuration list for PBXProject "MusicApp" */;
			developmentRegion = en;
			hasScannedForEncodings = 0;
			knownRegions = (
				en,
				Base,
			);
			mainGroup = 8D6E4EF02F5F137C0070EDE3;
			minimizedProjectReferenceProxies = 1;
			preferredProjectObjectVersion = 77;
			productRefGroup = 8D6E4EFA2F5F137C0070EDE3 /* Products */;
			projectDirPath = "";
			projectRoot = "";
			targets = (
				8D6E4EF82F5F137C0070EDE3 /* MusicApp */,
			);
		};
/* End PBXProject section */

/* Begin PBXResourcesBuildPhase section */
		8D6E4EF72F5F137C0070EDE3 /* Resources */ = {
			isa = PBXResourcesBuildPhase;
			buildActionMask = 2147483647;
			files = (
				8D6E4F132F5F147A0070EDE3 /* README.md in Resources */,
			);
			runOnlyForDeploymentPostprocessing = 0;
		};
/* End PBXResourcesBuildPhase section */

/* Begin PBXSourcesBuildPhase section */
		8D6E4EF52F5F137C0070EDE3 /* Sources */ = {
			isa = PBXSourcesBuildPhase;
			buildActionMask = 2147483647;
			files = (
				8DABAA022F7200010053F573 /* NetworkClient.swift in Sources */,
				8DABAA042F7200020053F573 /* NetworkError.swift in Sources */,
				8FABEC022F9201020053F573 /* EchoAPIService.swift in Sources */,
				8DABAA062F7200030053F573 /* URLSessionNetworkClient.swift in Sources */,
				8DABAA082F7200040053F573 /* DiscogsSearchDTO.swift in Sources */,
				8DABAA0A2F7200050053F573 /* RemoteCatalogService.swift in Sources */,
				8DABAA0C2F7200060053F573 /* CatalogListItem.swift in Sources */,
				8DABAA0E2F7200070053F573 /* PlaylistCellViewModel.swift in Sources */,
				8DABAA102F7200080053F573 /* StubPlaylistService.swift in Sources */,
				8DABAA122F7200090053F573 /* CatalogRouter.swift in Sources */,
				8E30AA112F8200110053F573 /* ImageLoading.swift in Sources */,
				8E30AA122F8200120053F573 /* ImageCacheService.swift in Sources */,
				8E30AA132F8200130053F573 /* CatalogListManager.swift in Sources */,
				8E30AA142F8200140053F573 /* PlaylistTableViewCell.swift in Sources */,
				8D6E4F272F5F18660070EDE3 /* AuthViewController.swift in Sources */,
				8D11BE182F620FC20053F573 /* PlaylistDetailViewProtocol.swift in Sources */,
				8D6E4F282F5F18720070EDE3 /* AuthViewState.swift in Sources */,
				8D11BE1C2F620FE60053F573 /* PlaylistDetailInteractorProtocol.swift in Sources */,
				8D9D6A622F657703009EA59C /* AuthService.swift in Sources */,
				8D6E4F2A2F5F187B0070EDE3 /* AuthInteractor.swift in Sources */,
				8D11BE202F6210080053F573 /* PlaylistDetailViewState.swift in Sources */,
				8D6E4F2C2F5F18A60070EDE3 /* AuthViewProtocol.swift in Sources */,
				8D11BE022F620B8F0053F573 /* CatalogInteractorProtocol.swift in Sources */,
				8D6E4F2D2F5F18A60070EDE3 /* AuthPresenterProtocol.swift in Sources */,
				8D11BE1E2F620FF70053F573 /* PlaylistDetailRouterProtocol.swift in Sources */,
				8D11BE0E2F620C4F0053F573 /* CatalogService.swift in Sources */,
				8D11BE222F62101F0053F573 /* PlaylistDetailViewController.swift in Sources */,
				8D6E4F2E2F5F18A60070EDE3 /* AuthInteractorProtocol.swift in Sources */,
				8D11BE0C2F620C130053F573 /* CatalogInteractor.swift in Sources */,
				8D11BDFB2F620B480053F573 /* PlaylistItem.swift in Sources */,
				8D11BE2A2F6210920053F573 /* PlaylistService.swift in Sources */,
				8D11BE062F620BB00053F573 /* CatalogViewState.swift in Sources */,
				8D11BE002F620B800053F573 /* CatalogPresenterProtocol.swift in Sources */,
				8D11BE132F620F690053F573 /* Track.swift in Sources */,
				8D6E4F2F2F5F18A60070EDE3 /* AuthRouterProtocol.swift in Sources */,
				8D11BDFE2F620B6A0053F573 /* CatalogViewProtocol.swift in Sources */,
				8D6E4F292F5F18770070EDE3 /* AuthPresenter.swift in Sources */,
				8D11BE242F6210520053F573 /* PlaylistDetailPresenter.swift in Sources */,
				8D11BE152F620F7C0053F573 /* PlaylistDetailData.swift in Sources */,
				8D11BE262F62105E0053F573 /* PlaylistDetailInteractor.swift in Sources */,
				8D6E4F2B2F5F187F0070EDE3 /* AuthRouter.swift in Sources */,
				8D11BE082F620BCE0053F573 /* CatalogViewController.swift in Sources */,
				8D6E4F302F5F18B30070EDE3 /* LoginRequest.swift in Sources */,
				8D11BE1A2F620FD20053F573 /* PlaylistDetailPresenterProtocol.swift in Sources */,
				8D11BE042F620B9D0053F573 /* CatalogRouterProtocol.swift in Sources */,
				8D6E4F312F5F18B30070EDE3 /* UserSession.swift in Sources */,
				8D11BE0A2F620C050053F573 /* CatalogPresenter.swift in Sources */,
				8D6E4F322F5F18B30070EDE3 /* LoginResponse.swift in Sources */,
				8D11BE282F62107F0053F573 /* PlaylistDetailRouter.swift in Sources */,
				8D6E4F332F5F1A9D0070EDE3 /* AuthServiceProtocol.swift in Sources */,
				8D11BDF92F620B250053F573 /* CatalogSection.swift in Sources */,
			);
			runOnlyForDeploymentPostprocessing = 0;
		};
/* End PBXSourcesBuildPhase section */

/* Begin XCBuildConfiguration section */
		8D6E4F0D2F5F137D0070EDE3 /* Debug */ = {
			isa = XCBuildConfiguration;
			buildSettings = {
				ASSETCATALOG_COMPILER_APPICON_NAME = AppIcon;
				ASSETCATALOG_COMPILER_GLOBAL_ACCENT_COLOR_NAME = AccentColor;
				CODE_SIGN_STYLE = Automatic;
				CURRENT_PROJECT_VERSION = 1;
				GENERATE_INFOPLIST_FILE = YES;
				INFOPLIST_FILE = MusicApp/Info.plist;
				INFOPLIST_KEY_UIApplicationSupportsIndirectInputEvents = YES;
				INFOPLIST_KEY_UILaunchStoryboardName = LaunchScreen;
				INFOPLIST_KEY_UISupportedInterfaceOrientations_iPad = "UIInterfaceOrientationPortrait UIInterfaceOrientationPortraitUpsideDown UIInterfaceOrientationLandscapeLeft UIInterfaceOrientationLandscapeRight";
				INFOPLIST_KEY_UISupportedInterfaceOrientations_iPhone = "UIInterfaceOrientationPortrait UIInterfaceOrientationLandscapeLeft UIInterfaceOrientationLandscapeRight";
				LD_RUNPATH_SEARCH_PATHS = (
					"$(inherited)",
					"@executable_path/Frameworks",
				);
				MARKETING_VERSION = 1.0;
				PRODUCT_BUNDLE_IDENTIFIER = itmo.MusicApp;
				PRODUCT_NAME = "$(TARGET_NAME)";
				STRING_CATALOG_GENERATE_SYMBOLS = YES;
				SWIFT_APPROACHABLE_CONCURRENCY = YES;
				SWIFT_DEFAULT_ACTOR_ISOLATION = MainActor;
				SWIFT_EMIT_LOC_STRINGS = YES;
				SWIFT_UPCOMING_FEATURE_MEMBER_IMPORT_VISIBILITY = YES;
				SWIFT_VERSION = 5.0;
				TARGETED_DEVICE_FAMILY = "1,2";
			};
			name = Debug;
		};
		8D6E4F0E2F5F137D0070EDE3 /* Release */ = {
			isa = XCBuildConfiguration;
			buildSettings = {
				ASSETCATALOG_COMPILER_APPICON_NAME = AppIcon;
				ASSETCATALOG_COMPILER_GLOBAL_ACCENT_COLOR_NAME = AccentColor;
				CODE_SIGN_STYLE = Automatic;
				CURRENT_PROJECT_VERSION = 1;
				GENERATE_INFOPLIST_FILE = YES;
				INFOPLIST_FILE = MusicApp/Info.plist;
				INFOPLIST_KEY_UIApplicationSupportsIndirectInputEvents = YES;
				INFOPLIST_KEY_UILaunchStoryboardName = LaunchScreen;
				INFOPLIST_KEY_UISupportedInterfaceOrientations_iPad = "UIInterfaceOrientationPortrait UIInterfaceOrientationPortraitUpsideDown UIInterfaceOrientationLandscapeLeft UIInterfaceOrientationLandscapeRight";
				INFOPLIST_KEY_UISupportedInterfaceOrientations_iPhone = "UIInterfaceOrientationPortrait UIInterfaceOrientationLandscapeLeft UIInterfaceOrientationLandscapeRight";
				LD_RUNPATH_SEARCH_PATHS = (
					"$(inherited)",
					"@executable_path/Frameworks",
				);
				MARKETING_VERSION = 1.0;
				PRODUCT_BUNDLE_IDENTIFIER = itmo.MusicApp;
				PRODUCT_NAME = "$(TARGET_NAME)";
				STRING_CATALOG_GENERATE_SYMBOLS = YES;
				SWIFT_APPROACHABLE_CONCURRENCY = YES;
				SWIFT_DEFAULT_ACTOR_ISOLATION = MainActor;
				SWIFT_EMIT_LOC_STRINGS = YES;
				SWIFT_UPCOMING_FEATURE_MEMBER_IMPORT_VISIBILITY = YES;
				SWIFT_VERSION = 5.0;
				TARGETED_DEVICE_FAMILY = "1,2";
			};
			name = Release;
		};
		8D6E4F0F2F5F137D0070EDE3 /* Debug */ = {
			isa = XCBuildConfiguration;
			buildSettings = {
				ALWAYS_SEARCH_USER_PATHS = NO;
				ASSETCATALOG_COMPILER_GENERATE_SWIFT_ASSET_SYMBOL_EXTENSIONS = YES;
				CLANG_ANALYZER_NONNULL = YES;
				CLANG_ANALYZER_NUMBER_OBJECT_CONVERSION = YES_AGGRESSIVE;
				CLANG_CXX_LANGUAGE_STANDARD = "gnu++20";
				CLANG_ENABLE_MODULES = YES;
				CLANG_ENABLE_OBJC_ARC = YES;
				CLANG_ENABLE_OBJC_WEAK = YES;
				CLANG_WARN_BLOCK_CAPTURE_AUTORELEASING = YES;
				CLANG_WARN_BOOL_CONVERSION = YES;
				CLANG_WARN_COMMA = YES;
				CLANG_WARN_CONSTANT_CONVERSION = YES;
				CLANG_WARN_DEPRECATED_OBJC_IMPLEMENTATIONS = YES;
				CLANG_WARN_DIRECT_OBJC_ISA_USAGE = YES_ERROR;
				CLANG_WARN_DOCUMENTATION_COMMENTS = YES;
				CLANG_WARN_EMPTY_BODY = YES;
				CLANG_WARN_ENUM_CONVERSION = YES;
				CLANG_WARN_INFINITE_RECURSION = YES;
				CLANG_WARN_INT_CONVERSION = YES;
				CLANG_WARN_NON_LITERAL_NULL_CONVERSION = YES;
				CLANG_WARN_OBJC_IMPLICIT_RETAIN_SELF = YES;
				CLANG_WARN_OBJC_LITERAL_CONVERSION = YES;
				CLANG_WARN_OBJC_ROOT_CLASS = YES_ERROR;
				CLANG_WARN_QUOTED_INCLUDE_IN_FRAMEWORK_HEADER = YES;
				CLANG_WARN_RANGE_LOOP_ANALYSIS = YES;
				CLANG_WARN_STRICT_PROTOTYPES = YES;
				CLANG_WARN_SUSPICIOUS_MOVE = YES;
				CLANG_WARN_UNGUARDED_AVAILABILITY = YES_AGGRESSIVE;
				CLANG_WARN_UNREACHABLE_CODE = YES;
				CLANG_WARN__DUPLICATE_METHOD_MATCH = YES;
				COPY_PHASE_STRIP = NO;
				DEBUG_INFORMATION_FORMAT = dwarf;
				ENABLE_STRICT_OBJC_MSGSEND = YES;
				ENABLE_TESTABILITY = YES;
				ENABLE_USER_SCRIPT_SANDBOXING = YES;
				GCC_C_LANGUAGE_STANDARD = gnu17;
				GCC_DYNAMIC_NO_PIC = NO;
				GCC_NO_COMMON_BLOCKS = YES;
				GCC_OPTIMIZATION_LEVEL = 0;
				GCC_PREPROCESSOR_DEFINITIONS = (
					"DEBUG=1",
					"$(inherited)",
				);
				GCC_WARN_64_TO_32_BIT_CONVERSION = YES;
				GCC_WARN_ABOUT_RETURN_TYPE = YES_ERROR;
				GCC_WARN_UNDECLARED_SELECTOR = YES;
				GCC_WARN_UNINITIALIZED_AUTOS = YES_AGGRESSIVE;
				GCC_WARN_UNUSED_FUNCTION = YES;
				GCC_WARN_UNUSED_VARIABLE = YES;
				IPHONEOS_DEPLOYMENT_TARGET = 26.2;
				LOCALIZATION_PREFERS_STRING_CATALOGS = YES;
				MTL_ENABLE_DEBUG_INFO = INCLUDE_SOURCE;
				MTL_FAST_MATH = YES;
				ONLY_ACTIVE_ARCH = YES;
				SDKROOT = iphoneos;
				SWIFT_ACTIVE_COMPILATION_CONDITIONS = "DEBUG $(inherited)";
				SWIFT_OPTIMIZATION_LEVEL = "-Onone";
			};
			name = Debug;
		};
		8D6E4F102F5F137D0070EDE3 /* Release */ = {
			isa = XCBuildConfiguration;
			buildSettings = {
				ALWAYS_SEARCH_USER_PATHS = NO;
				ASSETCATALOG_COMPILER_GENERATE_SWIFT_ASSET_SYMBOL_EXTENSIONS = YES;
				CLANG_ANALYZER_NONNULL = YES;
				CLANG_ANALYZER_NUMBER_OBJECT_CONVERSION = YES_AGGRESSIVE;
				CLANG_CXX_LANGUAGE_STANDARD = "gnu++20";
				CLANG_ENABLE_MODULES = YES;
				CLANG_ENABLE_OBJC_ARC = YES;
				CLANG_ENABLE_OBJC_WEAK = YES;
				CLANG_WARN_BLOCK_CAPTURE_AUTORELEASING = YES;
				CLANG_WARN_BOOL_CONVERSION = YES;
				CLANG_WARN_COMMA = YES;
				CLANG_WARN_CONSTANT_CONVERSION = YES;
				CLANG_WARN_DEPRECATED_OBJC_IMPLEMENTATIONS = YES;
				CLANG_WARN_DIRECT_OBJC_ISA_USAGE = YES_ERROR;
				CLANG_WARN_DOCUMENTATION_COMMENTS = YES;
				CLANG_WARN_EMPTY_BODY = YES;
				CLANG_WARN_ENUM_CONVERSION = YES;
				CLANG_WARN_INFINITE_RECURSION = YES;
				CLANG_WARN_INT_CONVERSION = YES;
				CLANG_WARN_NON_LITERAL_NULL_CONVERSION = YES;
				CLANG_WARN_OBJC_IMPLICIT_RETAIN_SELF = YES;
				CLANG_WARN_OBJC_LITERAL_CONVERSION = YES;
				CLANG_WARN_OBJC_ROOT_CLASS = YES_ERROR;
				CLANG_WARN_QUOTED_INCLUDE_IN_FRAMEWORK_HEADER = YES;
				CLANG_WARN_RANGE_LOOP_ANALYSIS = YES;
				CLANG_WARN_STRICT_PROTOTYPES = YES;
				CLANG_WARN_SUSPICIOUS_MOVE = YES;
				CLANG_WARN_UNGUARDED_AVAILABILITY = YES_AGGRESSIVE;
				CLANG_WARN_UNREACHABLE_CODE = YES;
				CLANG_WARN__DUPLICATE_METHOD_MATCH = YES;
				COPY_PHASE_STRIP = NO;
				DEBUG_INFORMATION_FORMAT = "dwarf-with-dsym";
				ENABLE_NS_ASSERTIONS = NO;
				ENABLE_STRICT_OBJC_MSGSEND = YES;
				ENABLE_USER_SCRIPT_SANDBOXING = YES;
				GCC_C_LANGUAGE_STANDARD = gnu17;
				GCC_NO_COMMON_BLOCKS = YES;
				GCC_WARN_64_TO_32_BIT_CONVERSION = YES;
				GCC_WARN_ABOUT_RETURN_TYPE = YES_ERROR;
				GCC_WARN_UNDECLARED_SELECTOR = YES;
				GCC_WARN_UNINITIALIZED_AUTOS = YES_AGGRESSIVE;
				GCC_WARN_UNUSED_FUNCTION = YES;
				GCC_WARN_UNUSED_VARIABLE = YES;
				IPHONEOS_DEPLOYMENT_TARGET = 26.2;
				LOCALIZATION_PREFERS_STRING_CATALOGS = YES;
				MTL_ENABLE_DEBUG_INFO = NO;
				MTL_FAST_MATH = YES;
				SDKROOT = iphoneos;
				SWIFT_COMPILATION_MODE = wholemodule;
				VALIDATE_PRODUCT = YES;
			};
			name = Release;
		};
/* End XCBuildConfiguration section */

/* Begin XCConfigurationList section */
		8D6E4EF42F5F137C0070EDE3 /* Build configuration list for PBXProject "MusicApp" */ = {
			isa = XCConfigurationList;
			buildConfigurations = (
				8D6E4F0F2F5F137D0070EDE3 /* Debug */,
				8D6E4F102F5F137D0070EDE3 /* Release */,
			);
			defaultConfigurationIsVisible = 0;
			defaultConfigurationName = Release;
		};
		8D6E4F0C2F5F137D0070EDE3 /* Build configuration list for PBXNativeTarget "MusicApp" */ = {
			isa = XCConfigurationList;
			buildConfigurations = (
				8D6E4F0D2F5F137D0070EDE3 /* Debug */,
				8D6E4F0E2F5F137D0070EDE3 /* Release */,
			);
			defaultConfigurationIsVisible = 0;
			defaultConfigurationName = Release;
		};
/* End XCConfigurationList section */
	};
	rootObject = 8D6E4EF12F5F137C0070EDE3 /* Project object */;
}
