// !$*UTF8*$!
{
	archiveVersion = 1;
	classes = {
	};
	objectVersion = 77;
	objects = {

/* Begin PBXBuildFile section */
		8D6E4F132F5F147A0070EDE3 /* README.md in Resources */ = {isa = PBXBuildFile; fileRef = 8D6E4F122F5F14730070EDE3 /* README.md */; };
		8D6E4F272F5F18660070EDE3 /* AuthViewController.swift in Sources */ = {isa = PBXBuildFile; fileRef = 8D6E4F222F5F16C30070EDE3 /* AuthViewController.swift */; };
		8D6E4F282F5F18720070EDE3 /* AuthViewState.swift in Sources */ = {isa = PBXBuildFile; fileRef = 8D6E4F212F5F16B50070EDE3 /* AuthViewState.swift */; };
		8D6E4F292F5F18770070EDE3 /* AuthPresenter.swift in Sources */ = {isa = PBXBuildFile; fileRef = 8D6E4F232F5F16DD0070EDE3 /* AuthPresenter.swift */; };
		8D6E4F2A2F5F187B0070EDE3 /* AuthInteractor.swift in Sources */ = {isa = PBXBuildFile; fileRef = 8D6E4F242F5F16EE0070EDE3 /* AuthInteractor.swift */; };
		8D6E4F2B2F5F187F0070EDE3 /* AuthRouter.swift in Sources */ = {isa = PBXBuildFile; fileRef = 8D6E4F252F5F16FD0070EDE3 /* AuthRouter.swift */; };
		8D6E4F2C2F5F18A60070EDE3 /* AuthViewProtocol.swift in Sources */ = {isa = PBXBuildFile; fileRef = 8D6E4F1D2F5F15E70070EDE3 /* AuthViewProtocol.swift */; };
		8D6E4F2D2F5F18A60070EDE3 /* AuthPresenterProtocol.swift in Sources */ = {isa = PBXBuildFile; fileRef = 8D6E4F1E2F5F16820070EDE3 /* AuthPresenterProtocol.swift */; };
		8D6E4F2E2F5F18A60070EDE3 /* AuthInteractorProtocol.swift in Sources */ = {isa = PBXBuildFile; fileRef = 8D6E4F1F2F5F16930070EDE3 /* AuthInteractorProtocol.swift */; };
		8D6E4F2F2F5F18A60070EDE3 /* AuthRouterProtocol.swift in Sources */ = {isa = PBXBuildFile; fileRef = 8D6E4F202F5F16A30070EDE3 /* AuthRouterProtocol.swift */; };
		8D6E4F302F5F18B30070EDE3 /* LoginRequest.swift in Sources */ = {isa = PBXBuildFile; fileRef = 8D6E4F182F5F15800070EDE3 /* LoginRequest.swift */; };
		8D6E4F312F5F18B30070EDE3 /* UserSession.swift in Sources */ = {isa = PBXBuildFile; fileRef = 8D6E4F1A2F5F15C50070EDE3 /* UserSession.swift */; };
		8D6E4F322F5F18B30070EDE3 /* LoginResponse.swift in Sources */ = {isa = PBXBuildFile; fileRef = 8D6E4F192F5F15A40070EDE3 /* LoginResponse.swift */; };
		8D6E4F332F5F1A9D0070EDE3 /* AuthService.swift in Sources */ = {isa = PBXBuildFile; fileRef = 8D6E4F262F5F178D0070EDE3 /* AuthService.swift */; };
		8D6E4F352F5F24100070EDE3 /* AuthModule.md in Resources */ = {isa = PBXBuildFile; fileRef = 8D6E4F342F5F24090070EDE3 /* AuthModule.md */; };
/* End PBXBuildFile section */

/* Begin PBXFileReference section */
		8D6E4EF92F5F137C0070EDE3 /* MusicApp.app */ = {isa = PBXFileReference; explicitFileType = wrapper.application; includeInIndex = 0; path = MusicApp.app; sourceTree = BUILT_PRODUCTS_DIR; };
		8D6E4F122F5F14730070EDE3 /* README.md */ = {isa = PBXFileReference; lastKnownFileType = net.daringfireball.markdown; path = README.md; sourceTree = "<group>"; };
		8D6E4F182F5F15800070EDE3 /* LoginRequest.swift */ = {isa = PBXFileReference; lastKnownFileType = sourcecode.swift; path = LoginRequest.swift; sourceTree = "<group>"; };
		8D6E4F192F5F15A40070EDE3 /* LoginResponse.swift */ = {isa = PBXFileReference; lastKnownFileType = sourcecode.swift; path = LoginResponse.swift; sourceTree = "<group>"; };
		8D6E4F1A2F5F15C50070EDE3 /* UserSession.swift */ = {isa = PBXFileReference; lastKnownFileType = sourcecode.swift; path = UserSession.swift; sourceTree = "<group>"; };
		8D6E4F1D2F5F15E70070EDE3 /* AuthViewProtocol.swift */ = {isa = PBXFileReference; lastKnownFileType = sourcecode.swift; path = AuthViewProtocol.swift; sourceTree = "<group>"; };
		8D6E4F1E2F5F16820070EDE3 /* AuthPresenterProtocol.swift */ = {isa = PBXFileReference; lastKnownFileType = sourcecode.swift; path = AuthPresenterProtocol.swift; sourceTree = "<group>"; };
		8D6E4F1F2F5F16930070EDE3 /* AuthInteractorProtocol.swift */ = {isa = PBXFileReference; lastKnownFileType = sourcecode.swift; path = AuthInteractorProtocol.swift; sourceTree = "<group>"; };
		8D6E4F202F5F16A30070EDE3 /* AuthRouterProtocol.swift */ = {isa = PBXFileReference; lastKnownFileType = sourcecode.swift; path = AuthRouterProtocol.swift; sourceTree = "<group>"; };
		8D6E4F212F5F16B50070EDE3 /* AuthViewState.swift */ = {isa = PBXFileReference; lastKnownFileType = sourcecode.swift; path = AuthViewState.swift; sourceTree = "<group>"; };
		8D6E4F222F5F16C30070EDE3 /* AuthViewController.swift */ = {isa = PBXFileReference; lastKnownFileType = sourcecode.swift; path = AuthViewController.swift; sourceTree = "<group>"; };
		8D6E4F232F5F16DD0070EDE3 /* AuthPresenter.swift */ = {isa = PBXFileReference; lastKnownFileType = sourcecode.swift; path = AuthPresenter.swift; sourceTree = "<group>"; };
		8D6E4F242F5F16EE0070EDE3 /* AuthInteractor.swift */ = {isa = PBXFileReference; lastKnownFileType = sourcecode.swift; path = AuthInteractor.swift; sourceTree = "<group>"; };
		8D6E4F252F5F16FD0070EDE3 /* AuthRouter.swift */ = {isa = PBXFileReference; lastKnownFileType = sourcecode.swift; path = AuthRouter.swift; sourceTree = "<group>"; };
		8D6E4F262F5F178D0070EDE3 /* AuthService.swift */ = {isa = PBXFileReference; lastKnownFileType = sourcecode.swift; path = AuthService.swift; sourceTree = "<group>"; };
		8D6E4F342F5F24090070EDE3 /* AuthModule.md */ = {isa = PBXFileReference; explicitFileType = net.daringfireball.markdown; path = AuthModule.md; sourceTree = "<group>"; };
/* End PBXFileReference section */

/* Begin PBXFileSystemSynchronizedBuildFileExceptionSet section */
		8D6E4F0B2F5F137D0070EDE3 /* Exceptions for "MusicApp" folder in "MusicApp" target */ = {
			isa = PBXFileSystemSynchronizedBuildFileExceptionSet;
			membershipExceptions = (
				Info.plist,
			);
			target = 8D6E4EF82F5F137C0070EDE3 /* MusicApp */;
		};
/* End PBXFileSystemSynchronizedBuildFileExceptionSet section */

/* Begin PBXFileSystemSynchronizedRootGroup section */
		8D6E4EFB2F5F137C0070EDE3 /* MusicApp */ = {
			isa = PBXFileSystemSynchronizedRootGroup;
			exceptions = (
				8D6E4F0B2F5F137D0070EDE3 /* Exceptions for "MusicApp" folder in "MusicApp" target */,
			);
			path = MusicApp;
			sourceTree = "<group>";
		};
/* End PBXFileSystemSynchronizedRootGroup section */

/* Begin PBXFrameworksBuildPhase section */
		8D6E4EF62F5F137C0070EDE3 /* Frameworks */ = {
			isa = PBXFrameworksBuildPhase;
			buildActionMask = 2147483647;
			files = (
			);
			runOnlyForDeploymentPostprocessing = 0;
		};
/* End PBXFrameworksBuildPhase section */

/* Begin PBXGroup section */
		8D6E4EF02F5F137C0070EDE3 = {
			isa = PBXGroup;
			children = (
				8D6E4F152F5F14FC0070EDE3 /* Models */,
				8D6E4F142F5F14E50070EDE3 /* Services */,
				8D6E4F122F5F14730070EDE3 /* README.md */,
				8D6E4F112F5F14680070EDE3 /* Modules */,
				8D6E4EFB2F5F137C0070EDE3 /* MusicApp */,
				8D6E4EFA2F5F137C0070EDE3 /* Products */,
			);
			sourceTree = "<group>";
		};
		8D6E4EFA2F5F137C0070EDE3 /* Products */ = {
			isa = PBXGroup;
			children = (
				8D6E4EF92F5F137C0070EDE3 /* MusicApp.app */,
			);
			name = Products;
			sourceTree = "<group>";
		};
		8D6E4F112F5F14680070EDE3 /* Modules */ = {
			isa = PBXGroup;
			children = (
				8D6E4F162F5F152A0070EDE3 /* AuthModule */,
			);
			path = Modules;
			sourceTree = "<group>";
		};
		8D6E4F142F5F14E50070EDE3 /* Services */ = {
			isa = PBXGroup;
			children = (
				8D6E4F262F5F178D0070EDE3 /* AuthService.swift */,
			);
			path = Services;
			sourceTree = "<group>";
		};
		8D6E4F152F5F14FC0070EDE3 /* Models */ = {
			isa = PBXGroup;
			children = (
			);
			path = Models;
			sourceTree = "<group>";
		};
		8D6E4F162F5F152A0070EDE3 /* AuthModule */ = {
			isa = PBXGroup;
			children = (
				8D6E4F342F5F24090070EDE3 /* AuthModule.md */,
				8D6E4F252F5F16FD0070EDE3 /* AuthRouter.swift */,
				8D6E4F242F5F16EE0070EDE3 /* AuthInteractor.swift */,
				8D6E4F232F5F16DD0070EDE3 /* AuthPresenter.swift */,
				8D6E4F222F5F16C30070EDE3 /* AuthViewController.swift */,
				8D6E4F212F5F16B50070EDE3 /* AuthViewState.swift */,
				8D6E4F1B2F5F15D40070EDE3 /* Protocols */,
				8D6E4F172F5F15790070EDE3 /* Models */,
			);
			path = AuthModule;
			sourceTree = "<group>";
		};
		8D6E4F172F5F15790070EDE3 /* Models */ = {
			isa = PBXGroup;
			children = (
				8D6E4F192F5F15A40070EDE3 /* LoginResponse.swift */,
				8D6E4F1A2F5F15C50070EDE3 /* UserSession.swift */,
				8D6E4F182F5F15800070EDE3 /* LoginRequest.swift */,
			);
			path = Models;
			sourceTree = "<group>";
		};
		8D6E4F1B2F5F15D40070EDE3 /* Protocols */ = {
			isa = PBXGroup;
			children = (
				8D6E4F202F5F16A30070EDE3 /* AuthRouterProtocol.swift */,
				8D6E4F1F2F5F16930070EDE3 /* AuthInteractorProtocol.swift */,
				8D6E4F1E2F5F16820070EDE3 /* AuthPresenterProtocol.swift */,
				8D6E4F1D2F5F15E70070EDE3 /* AuthViewProtocol.swift */,
			);
			path = Protocols;
			sourceTree = "<group>";
		};
/* End PBXGroup section */

/* Begin PBXNativeTarget section */
		8D6E4EF82F5F137C0070EDE3 /* MusicApp */ = {
			isa = PBXNativeTarget;
			buildConfigurationList = 8D6E4F0C2F5F137D0070EDE3 /* Build configuration list for PBXNativeTarget "MusicApp" */;
			buildPhases = (
				8D6E4EF52F5F137C0070EDE3 /* Sources */,
				8D6E4EF62F5F137C0070EDE3 /* Frameworks */,
				8D6E4EF72F5F137C0070EDE3 /* Resources */,
			);
			buildRules = (
			);
			dependencies = (
			);
			fileSystemSynchronizedGroups = (
				8D6E4EFB2F5F137C0070EDE3 /* MusicApp */,
			);
			name = MusicApp;
			packageProductDependencies = (
			);
			productName = MusicApp;
			productReference = 8D6E4EF92F5F137C0070EDE3 /* MusicApp.app */;
			productType = "com.apple.product-type.application";
		};
/* End PBXNativeTarget section */

/* Begin PBXProject section */
		8D6E4EF12F5F137C0070EDE3 /* Project object */ = {
			isa = PBXProject;
			attributes = {
				BuildIndependentTargetsInParallel = 1;
				LastSwiftUpdateCheck = 2630;
				LastUpgradeCheck = 2630;
				TargetAttributes = {
					8D6E4EF82F5F137C0070EDE3 = {
						CreatedOnToolsVersion = 26.3;
					};
				};
			};
			buildConfigurationList = 8D6E4EF42F5F137C0070EDE3 /* Build configuration list for PBXProject "MusicApp" */;
			developmentRegion = en;
			hasScannedForEncodings = 0;
			knownRegions = (
				en,
				Base,
			);
			mainGroup = 8D6E4EF02F5F137C0070EDE3;
			minimizedProjectReferenceProxies = 1;
			preferredProjectObjectVersion = 77;
			productRefGroup = 8D6E4EFA2F5F137C0070EDE3 /* Products */;
			projectDirPath = "";
			projectRoot = "";
			targets = (
				8D6E4EF82F5F137C0070EDE3 /* MusicApp */,
			);
		};
/* End PBXProject section */

/* Begin PBXResourcesBuildPhase section */
		8D6E4EF72F5F137C0070EDE3 /* Resources */ = {
			isa = PBXResourcesBuildPhase;
			buildActionMask = 2147483647;
			files = (
				8D6E4F132F5F147A0070EDE3 /* README.md in Resources */,
				8D6E4F352F5F24100070EDE3 /* AuthModule.md in Resources */,
			);
			runOnlyForDeploymentPostprocessing = 0;
		};
/* End PBXResourcesBuildPhase section */

/* Begin PBXSourcesBuildPhase section */
		8D6E4EF52F5F137C0070EDE3 /* Sources */ = {
			isa = PBXSourcesBuildPhase;
			buildActionMask = 2147483647;
			files = (
				8D6E4F272F5F18660070EDE3 /* AuthViewController.swift in Sources */,
				8D6E4F282F5F18720070EDE3 /* AuthViewState.swift in Sources */,
				8D6E4F2A2F5F187B0070EDE3 /* AuthInteractor.swift in Sources */,
				8D6E4F2C2F5F18A60070EDE3 /* AuthViewProtocol.swift in Sources */,
				8D6E4F2D2F5F18A60070EDE3 /* AuthPresenterProtocol.swift in Sources */,
				8D6E4F2E2F5F18A60070EDE3 /* AuthInteractorProtocol.swift in Sources */,
				8D6E4F2F2F5F18A60070EDE3 /* AuthRouterProtocol.swift in Sources */,
				8D6E4F292F5F18770070EDE3 /* AuthPresenter.swift in Sources */,
				8D6E4F2B2F5F187F0070EDE3 /* AuthRouter.swift in Sources */,
				8D6E4F302F5F18B30070EDE3 /* LoginRequest.swift in Sources */,
				8D6E4F312F5F18B30070EDE3 /* UserSession.swift in Sources */,
				8D6E4F322F5F18B30070EDE3 /* LoginResponse.swift in Sources */,
				8D6E4F332F5F1A9D0070EDE3 /* AuthService.swift in Sources */,
			);
			runOnlyForDeploymentPostprocessing = 0;
		};
/* End PBXSourcesBuildPhase section */

/* Begin XCBuildConfiguration section */
		8D6E4F0D2F5F137D0070EDE3 /* Debug */ = {
			isa = XCBuildConfiguration;
			buildSettings = {
				ASSETCATALOG_COMPILER_APPICON_NAME = AppIcon;
				ASSETCATALOG_COMPILER_GLOBAL_ACCENT_COLOR_NAME = AccentColor;
				CODE_SIGN_STYLE = Automatic;
				CURRENT_PROJECT_VERSION = 1;
				GENERATE_INFOPLIST_FILE = YES;
				INFOPLIST_FILE = MusicApp/Info.plist;
				INFOPLIST_KEY_UIApplicationSupportsIndirectInputEvents = YES;
				INFOPLIST_KEY_UILaunchStoryboardName = LaunchScreen;
				INFOPLIST_KEY_UIMainStoryboardFile = Main;
				INFOPLIST_KEY_UISupportedInterfaceOrientations_iPad = "UIInterfaceOrientationPortrait UIInterfaceOrientationPortraitUpsideDown UIInterfaceOrientationLandscapeLeft UIInterfaceOrientationLandscapeRight";
				INFOPLIST_KEY_UISupportedInterfaceOrientations_iPhone = "UIInterfaceOrientationPortrait UIInterfaceOrientationLandscapeLeft UIInterfaceOrientationLandscapeRight";
				LD_RUNPATH_SEARCH_PATHS = (
					"$(inherited)",
					"@executable_path/Frameworks",
				);
				MARKETING_VERSION = 1.0;
				PRODUCT_BUNDLE_IDENTIFIER = itmo.MusicApp;
				PRODUCT_NAME = "$(TARGET_NAME)";
				STRING_CATALOG_GENERATE_SYMBOLS = YES;
				SWIFT_APPROACHABLE_CONCURRENCY = YES;
				SWIFT_DEFAULT_ACTOR_ISOLATION = MainActor;
				SWIFT_EMIT_LOC_STRINGS = YES;
				SWIFT_UPCOMING_FEATURE_MEMBER_IMPORT_VISIBILITY = YES;
				SWIFT_VERSION = 5.0;
				TARGETED_DEVICE_FAMILY = "1,2";
			};
			name = Debug;
		};
		8D6E4F0E2F5F137D0070EDE3 /* Release */ = {
			isa = XCBuildConfiguration;
			buildSettings = {
				ASSETCATALOG_COMPILER_APPICON_NAME = AppIcon;
				ASSETCATALOG_COMPILER_GLOBAL_ACCENT_COLOR_NAME = AccentColor;
				CODE_SIGN_STYLE = Automatic;
				CURRENT_PROJECT_VERSION = 1;
				GENERATE_INFOPLIST_FILE = YES;
				INFOPLIST_FILE = MusicApp/Info.plist;
				INFOPLIST_KEY_UIApplicationSupportsIndirectInputEvents = YES;
				INFOPLIST_KEY_UILaunchStoryboardName = LaunchScreen;
				INFOPLIST_KEY_UIMainStoryboardFile = Main;
				INFOPLIST_KEY_UISupportedInterfaceOrientations_iPad = "UIInterfaceOrientationPortrait UIInterfaceOrientationPortraitUpsideDown UIInterfaceOrientationLandscapeLeft UIInterfaceOrientationLandscapeRight";
				INFOPLIST_KEY_UISupportedInterfaceOrientations_iPhone = "UIInterfaceOrientationPortrait UIInterfaceOrientationLandscapeLeft UIInterfaceOrientationLandscapeRight";
				LD_RUNPATH_SEARCH_PATHS = (
					"$(inherited)",
					"@executable_path/Frameworks",
				);
				MARKETING_VERSION = 1.0;
				PRODUCT_BUNDLE_IDENTIFIER = itmo.MusicApp;
				PRODUCT_NAME = "$(TARGET_NAME)";
				STRING_CATALOG_GENERATE_SYMBOLS = YES;
				SWIFT_APPROACHABLE_CONCURRENCY = YES;
				SWIFT_DEFAULT_ACTOR_ISOLATION = MainActor;
				SWIFT_EMIT_LOC_STRINGS = YES;
				SWIFT_UPCOMING_FEATURE_MEMBER_IMPORT_VISIBILITY = YES;
				SWIFT_VERSION = 5.0;
				TARGETED_DEVICE_FAMILY = "1,2";
			};
			name = Release;
		};
		8D6E4F0F2F5F137D0070EDE3 /* Debug */ = {
			isa = XCBuildConfiguration;
			buildSettings = {
				ALWAYS_SEARCH_USER_PATHS = NO;
				ASSETCATALOG_COMPILER_GENERATE_SWIFT_ASSET_SYMBOL_EXTENSIONS = YES;
				CLANG_ANALYZER_NONNULL = YES;
				CLANG_ANALYZER_NUMBER_OBJECT_CONVERSION = YES_AGGRESSIVE;
				CLANG_CXX_LANGUAGE_STANDARD = "gnu++20";
				CLANG_ENABLE_MODULES = YES;
				CLANG_ENABLE_OBJC_ARC = YES;
				CLANG_ENABLE_OBJC_WEAK = YES;
				CLANG_WARN_BLOCK_CAPTURE_AUTORELEASING = YES;
				CLANG_WARN_BOOL_CONVERSION = YES;
				CLANG_WARN_COMMA = YES;
				CLANG_WARN_CONSTANT_CONVERSION = YES;
				CLANG_WARN_DEPRECATED_OBJC_IMPLEMENTATIONS = YES;
				CLANG_WARN_DIRECT_OBJC_ISA_USAGE = YES_ERROR;
				CLANG_WARN_DOCUMENTATION_COMMENTS = YES;
				CLANG_WARN_EMPTY_BODY = YES;
				CLANG_WARN_ENUM_CONVERSION = YES;
				CLANG_WARN_INFINITE_RECURSION = YES;
				CLANG_WARN_INT_CONVERSION = YES;
				CLANG_WARN_NON_LITERAL_NULL_CONVERSION = YES;
				CLANG_WARN_OBJC_IMPLICIT_RETAIN_SELF = YES;
				CLANG_WARN_OBJC_LITERAL_CONVERSION = YES;
				CLANG_WARN_OBJC_ROOT_CLASS = YES_ERROR;
				CLANG_WARN_QUOTED_INCLUDE_IN_FRAMEWORK_HEADER = YES;
				CLANG_WARN_RANGE_LOOP_ANALYSIS = YES;
				CLANG_WARN_STRICT_PROTOTYPES = YES;
				CLANG_WARN_SUSPICIOUS_MOVE = YES;
				CLANG_WARN_UNGUARDED_AVAILABILITY = YES_AGGRESSIVE;
				CLANG_WARN_UNREACHABLE_CODE = YES;
				CLANG_WARN__DUPLICATE_METHOD_MATCH = YES;
				COPY_PHASE_STRIP = NO;
				DEBUG_INFORMATION_FORMAT = dwarf;
				ENABLE_STRICT_OBJC_MSGSEND = YES;
				ENABLE_TESTABILITY = YES;
				ENABLE_USER_SCRIPT_SANDBOXING = YES;
				GCC_C_LANGUAGE_STANDARD = gnu17;
				GCC_DYNAMIC_NO_PIC = NO;
				GCC_NO_COMMON_BLOCKS = YES;
				GCC_OPTIMIZATION_LEVEL = 0;
				GCC_PREPROCESSOR_DEFINITIONS = (
					"DEBUG=1",
					"$(inherited)",
				);
				GCC_WARN_64_TO_32_BIT_CONVERSION = YES;
				GCC_WARN_ABOUT_RETURN_TYPE = YES_ERROR;
				GCC_WARN_UNDECLARED_SELECTOR = YES;
				GCC_WARN_UNINITIALIZED_AUTOS = YES_AGGRESSIVE;
				GCC_WARN_UNUSED_FUNCTION = YES;
				GCC_WARN_UNUSED_VARIABLE = YES;
				IPHONEOS_DEPLOYMENT_TARGET = 26.2;
				LOCALIZATION_PREFERS_STRING_CATALOGS = YES;
				MTL_ENABLE_DEBUG_INFO = INCLUDE_SOURCE;
				MTL_FAST_MATH = YES;
				ONLY_ACTIVE_ARCH = YES;
				SDKROOT = iphoneos;
				SWIFT_ACTIVE_COMPILATION_CONDITIONS = "DEBUG $(inherited)";
				SWIFT_OPTIMIZATION_LEVEL = "-Onone";
			};
			name = Debug;
		};
		8D6E4F102F5F137D0070EDE3 /* Release */ = {
			isa = XCBuildConfiguration;
			buildSettings = {
				ALWAYS_SEARCH_USER_PATHS = NO;
				ASSETCATALOG_COMPILER_GENERATE_SWIFT_ASSET_SYMBOL_EXTENSIONS = YES;
				CLANG_ANALYZER_NONNULL = YES;
				CLANG_ANALYZER_NUMBER_OBJECT_CONVERSION = YES_AGGRESSIVE;
				CLANG_CXX_LANGUAGE_STANDARD = "gnu++20";
				CLANG_ENABLE_MODULES = YES;
				CLANG_ENABLE_OBJC_ARC = YES;
				CLANG_ENABLE_OBJC_WEAK = YES;
				CLANG_WARN_BLOCK_CAPTURE_AUTORELEASING = YES;
				CLANG_WARN_BOOL_CONVERSION = YES;
				CLANG_WARN_COMMA = YES;
				CLANG_WARN_CONSTANT_CONVERSION = YES;
				CLANG_WARN_DEPRECATED_OBJC_IMPLEMENTATIONS = YES;
				CLANG_WARN_DIRECT_OBJC_ISA_USAGE = YES_ERROR;
				CLANG_WARN_DOCUMENTATION_COMMENTS = YES;
				CLANG_WARN_EMPTY_BODY = YES;
				CLANG_WARN_ENUM_CONVERSION = YES;
				CLANG_WARN_INFINITE_RECURSION = YES;
				CLANG_WARN_INT_CONVERSION = YES;
				CLANG_WARN_NON_LITERAL_NULL_CONVERSION = YES;
				CLANG_WARN_OBJC_IMPLICIT_RETAIN_SELF = YES;
				CLANG_WARN_OBJC_LITERAL_CONVERSION = YES;
				CLANG_WARN_OBJC_ROOT_CLASS = YES_ERROR;
				CLANG_WARN_QUOTED_INCLUDE_IN_FRAMEWORK_HEADER = YES;
				CLANG_WARN_RANGE_LOOP_ANALYSIS = YES;
				CLANG_WARN_STRICT_PROTOTYPES = YES;
				CLANG_WARN_SUSPICIOUS_MOVE = YES;
				CLANG_WARN_UNGUARDED_AVAILABILITY = YES_AGGRESSIVE;
				CLANG_WARN_UNREACHABLE_CODE = YES;
				CLANG_WARN__DUPLICATE_METHOD_MATCH = YES;
				COPY_PHASE_STRIP = NO;
				DEBUG_INFORMATION_FORMAT = "dwarf-with-dsym";
				ENABLE_NS_ASSERTIONS = NO;
				ENABLE_STRICT_OBJC_MSGSEND = YES;
				ENABLE_USER_SCRIPT_SANDBOXING = YES;
				GCC_C_LANGUAGE_STANDARD = gnu17;
				GCC_NO_COMMON_BLOCKS = YES;
				GCC_WARN_64_TO_32_BIT_CONVERSION = YES;
				GCC_WARN_ABOUT_RETURN_TYPE = YES_ERROR;
				GCC_WARN_UNDECLARED_SELECTOR = YES;
				GCC_WARN_UNINITIALIZED_AUTOS = YES_AGGRESSIVE;
				GCC_WARN_UNUSED_FUNCTION = YES;
				GCC_WARN_UNUSED_VARIABLE = YES;
				IPHONEOS_DEPLOYMENT_TARGET = 26.2;
				LOCALIZATION_PREFERS_STRING_CATALOGS = YES;
				MTL_ENABLE_DEBUG_INFO = NO;
				MTL_FAST_MATH = YES;
				SDKROOT = iphoneos;
				SWIFT_COMPILATION_MODE = wholemodule;
				VALIDATE_PRODUCT = YES;
			};
			name = Release;
		};
/* End XCBuildConfiguration section */

/* Begin XCConfigurationList section */
		8D6E4EF42F5F137C0070EDE3 /* Build configuration list for PBXProject "MusicApp" */ = {
			isa = XCConfigurationList;
			buildConfigurations = (
				8D6E4F0F2F5F137D0070EDE3 /* Debug */,
				8D6E4F102F5F137D0070EDE3 /* Release */,
			);
			defaultConfigurationIsVisible = 0;
			defaultConfigurationName = Release;
		};
		8D6E4F0C2F5F137D0070EDE3 /* Build configuration list for PBXNativeTarget "MusicApp" */ = {
			isa = XCConfigurationList;
			buildConfigurations = (
				8D6E4F0D2F5F137D0070EDE3 /* Debug */,
				8D6E4F0E2F5F137D0070EDE3 /* Release */,
			);
			defaultConfigurationIsVisible = 0;
			defaultConfigurationName = Release;
		};
/* End XCConfigurationList section */
	};
	rootObject = 8D6E4EF12F5F137C0070EDE3 /* Project object */;
}
